
Microsoft Visual Studio Solution File, Format Version 12.00
# Visual Studio Version 17
VisualStudioVersion = 17.3.32929.385
MinimumVisualStudioVersion = 10.0.40219.1
Project("{FAE04EC0-301F-11D3-BF4B-00C04F79EFBC}") = "read-json-from-link", "read-json-from-link\read-json-from-link.csproj", "{BC6B1918-83A2-4EF7-A24A-31C9DB1036FF}"
EndProject
Global
	GlobalSection(SolutionConfigurationPlatforms) = preSolution
		Debug|Any CPU = Debug|Any CPU
		Release|Any CPU = Release|Any CPU
	EndGlobalSection
	GlobalSection(ProjectConfigurationPlatforms) = postSolution
		{BC6B1918-83A2-4EF7-A24A-31C9DB1036FF}.Debug|Any CPU.ActiveCfg = Debug|Any CPU
		{BC6B1918-83A2-4EF7-A24A-31C9DB1036FF}.Debug|Any CPU.Build.0 = Debug|Any CPU
		{BC6B1918-83A2-4EF7-A24A-31C9DB1036FF}.Release|Any CPU.ActiveCfg = Release|Any CPU
		{BC6B1918-83A2-4EF7-A24A-31C9DB1036FF}.Release|Any CPU.Build.0 = Release|Any CPU
	EndGlobalSection
	GlobalSection(SolutionProperties) = preSolution
		HideSolutionNode = FALSE
	EndGlobalSection
	GlobalSection(ExtensibilityGlobals) = postSolution
		SolutionGuid = {F7CFCB17-B145-478A-BFFF-65BCF86C5DA0}
	EndGlobalSection
EndGlobal
